
Microsoft Visual Studio Solution File, Format Version 12.00
# Visual Studio Version 17
VisualStudioVersion = 17.0.31717.71
MinimumVisualStudioVersion = 10.0.40219.1
Project("{FAE04EC0-301F-11D3-BF4B-00C04F79EFBC}") = "ppedv.GMV.Model", "ppedv.GMV.Model\ppedv.GMV.Model.csproj", "{673455AA-11A9-418A-ACF9-823044BE683D}"
EndProject
Project("{FAE04EC0-301F-11D3-BF4B-00C04F79EFBC}") = "ppedv.GMV.Data.EfCore", "ppedv.GMV.Data.EfCore\ppedv.GMV.Data.EfCore.csproj", "{5CDCBF3A-575F-4FFC-9610-2EA7F337B298}"
EndProject
Project("{FAE04EC0-301F-11D3-BF4B-00C04F79EFBC}") = "ppedv.GMV.Data.EfCore.Tests", "ppedv.GMV.Data.EfCore.Tests\ppedv.GMV.Data.EfCore.Tests.csproj", "{4DAA67D2-94BF-4DC3-81BC-5DD13539C498}"
EndProject
Project("{FAE04EC0-301F-11D3-BF4B-00C04F79EFBC}") = "ppedv.GMV.Logic", "ppedv.GMV.Logic\ppedv.GMV.Logic.csproj", "{6B1504E1-EEAF-4912-90FD-07C81EF8F4AA}"
EndProject
Project("{FAE04EC0-301F-11D3-BF4B-00C04F79EFBC}") = "ppedv.GMV.Logic.Tests", "ppedv.GMV.Logic.Tests\ppedv.GMV.Logic.Tests.csproj", "{0932367F-AFEF-4C5E-89A6-9EAFC2B6C893}"
EndProject
Project("{FAE04EC0-301F-11D3-BF4B-00C04F79EFBC}") = "ppedv.GMV.UI.DevConsole", "ppedv.GMV.UI.DevConsole\ppedv.GMV.UI.DevConsole.csproj", "{E512509D-888C-454D-A782-6FC5BB236B62}"
EndProject
Global
	GlobalSection(SolutionConfigurationPlatforms) = preSolution
		Debug|Any CPU = Debug|Any CPU
		Release|Any CPU = Release|Any CPU
	EndGlobalSection
	GlobalSection(ProjectConfigurationPlatforms) = postSolution
		{673455AA-11A9-418A-ACF9-823044BE683D}.Debug|Any CPU.ActiveCfg = Debug|Any CPU
		{673455AA-11A9-418A-ACF9-823044BE683D}.Debug|Any CPU.Build.0 = Debug|Any CPU
		{673455AA-11A9-418A-ACF9-823044BE683D}.Release|Any CPU.ActiveCfg = Release|Any CPU
		{673455AA-11A9-418A-ACF9-823044BE683D}.Release|Any CPU.Build.0 = Release|Any CPU
		{5CDCBF3A-575F-4FFC-9610-2EA7F337B298}.Debug|Any CPU.ActiveCfg = Debug|Any CPU
		{5CDCBF3A-575F-4FFC-9610-2EA7F337B298}.Debug|Any CPU.Build.0 = Debug|Any CPU
		{5CDCBF3A-575F-4FFC-9610-2EA7F337B298}.Release|Any CPU.ActiveCfg = Release|Any CPU
		{5CDCBF3A-575F-4FFC-9610-2EA7F337B298}.Release|Any CPU.Build.0 = Release|Any CPU
		{4DAA67D2-94BF-4DC3-81BC-5DD13539C498}.Debug|Any CPU.ActiveCfg = Debug|Any CPU
		{4DAA67D2-94BF-4DC3-81BC-5DD13539C498}.Debug|Any CPU.Build.0 = Debug|Any CPU
		{4DAA67D2-94BF-4DC3-81BC-5DD13539C498}.Release|Any CPU.ActiveCfg = Release|Any CPU
		{4DAA67D2-94BF-4DC3-81BC-5DD13539C498}.Release|Any CPU.Build.0 = Release|Any CPU
		{6B1504E1-EEAF-4912-90FD-07C81EF8F4AA}.Debug|Any CPU.ActiveCfg = Debug|Any CPU
		{6B1504E1-EEAF-4912-90FD-07C81EF8F4AA}.Debug|Any CPU.Build.0 = Debug|Any CPU
		{6B1504E1-EEAF-4912-90FD-07C81EF8F4AA}.Release|Any CPU.ActiveCfg = Release|Any CPU
		{6B1504E1-EEAF-4912-90FD-07C81EF8F4AA}.Release|Any CPU.Build.0 = Release|Any CPU
		{0932367F-AFEF-4C5E-89A6-9EAFC2B6C893}.Debug|Any CPU.ActiveCfg = Debug|Any CPU
		{0932367F-AFEF-4C5E-89A6-9EAFC2B6C893}.Debug|Any CPU.Build.0 = Debug|Any CPU
		{0932367F-AFEF-4C5E-89A6-9EAFC2B6C893}.Release|Any CPU.ActiveCfg = Release|Any CPU
		{0932367F-AFEF-4C5E-89A6-9EAFC2B6C893}.Release|Any CPU.Build.0 = Release|Any CPU
		{E512509D-888C-454D-A782-6FC5BB236B62}.Debug|Any CPU.ActiveCfg = Debug|Any CPU
		{E512509D-888C-454D-A782-6FC5BB236B62}.Debug|Any CPU.Build.0 = Debug|Any CPU
		{E512509D-888C-454D-A782-6FC5BB236B62}.Release|Any CPU.ActiveCfg = Release|Any CPU
		{E512509D-888C-454D-A782-6FC5BB236B62}.Release|Any CPU.Build.0 = Release|Any CPU
	EndGlobalSection
	GlobalSection(SolutionProperties) = preSolution
		HideSolutionNode = FALSE
	EndGlobalSection
	GlobalSection(ExtensibilityGlobals) = postSolution
		SolutionGuid = {416EB6BF-CA66-4008-9EF5-10C94E19CB39}
	EndGlobalSection
EndGlobal
